
Microsoft Visual Studio Solution File, Format Version 12.00
# Visual Studio 15
VisualStudioVersion = 15.0.28307.168
MinimumVisualStudioVersion = 10.0.40219.1
Project("{FAE04EC0-301F-11D3-BF4B-00C04F79EFBC}") = "AzureStorageEmulatorTest", "AzureStorageEmulatorTest\AzureStorageEmulatorTest.csproj", "{EADD8C30-3BFD-4EDA-BFB2-0DAD652939DE}"
EndProject
Global
	GlobalSection(SolutionConfigurationPlatforms) = preSolution
		Debug|Any CPU = Debug|Any CPU
		Release|Any CPU = Release|Any CPU
	EndGlobalSection
	GlobalSection(ProjectConfigurationPlatforms) = postSolution
		{EADD8C30-3BFD-4EDA-BFB2-0DAD652939DE}.Debug|Any CPU.ActiveCfg = Debug|Any CPU
		{EADD8C30-3BFD-4EDA-BFB2-0DAD652939DE}.Debug|Any CPU.Build.0 = Debug|Any CPU
		{EADD8C30-3BFD-4EDA-BFB2-0DAD652939DE}.Release|Any CPU.ActiveCfg = Release|Any CPU
		{EADD8C30-3BFD-4EDA-BFB2-0DAD652939DE}.Release|Any CPU.Build.0 = Release|Any CPU
	EndGlobalSection
	GlobalSection(SolutionProperties) = preSolution
		HideSolutionNode = FALSE
	EndGlobalSection
	GlobalSection(ExtensibilityGlobals) = postSolution
		SolutionGuid = {198662F4-8F44-43C2-96C2-21CAE12DC321}
	EndGlobalSection
EndGlobal
